
Microsoft Visual Studio Solution File, Format Version 12.00
# Visual Studio 15
VisualStudioVersion = 15.0.28010.2036
MinimumVisualStudioVersion = 10.0.40219.1
Project("{FAE04EC0-301F-11D3-BF4B-00C04F79EFBC}") = "C1XfMaskedEntryApp1.Android", "C1XfMaskedEntryApp1\C1XfMaskedEntryApp1.Android\C1XfMaskedEntryApp1.Android.csproj", "{14E0A972-3FE3-4122-9637-42014294ACD3}"
EndProject
Project("{FAE04EC0-301F-11D3-BF4B-00C04F79EFBC}") = "C1XfMaskedEntryApp1.iOS", "C1XfMaskedEntryApp1\C1XfMaskedEntryApp1.iOS\C1XfMaskedEntryApp1.iOS.csproj", "{9DF5DDF3-20BA-4F44-9675-2D356F0F93C6}"
EndProject
Project("{FAE04EC0-301F-11D3-BF4B-00C04F79EFBC}") = "C1XfMaskedEntryApp1.UWP", "C1XfMaskedEntryApp1\C1XfMaskedEntryApp1.UWP\C1XfMaskedEntryApp1.UWP.csproj", "{6E157011-5C7C-46AD-BB77-94D5BAD66C5D}"
EndProject
Project("{9A19103F-16F7-4668-BE54-9A1E7A4F7556}") = "C1XfMaskedEntryApp1", "C1XfMaskedEntryApp1\C1XfMaskedEntryApp1\C1XfMaskedEntryApp1.csproj", "{73FB9570-637D-4229-8586-8CFF80AA1214}"
EndProject
Global
	GlobalSection(SolutionConfigurationPlatforms) = preSolution
		Ad-Hoc|Any CPU = Ad-Hoc|Any CPU
		Ad-Hoc|ARM = Ad-Hoc|ARM
		Ad-Hoc|iPhone = Ad-Hoc|iPhone
		Ad-Hoc|iPhoneSimulator = Ad-Hoc|iPhoneSimulator
		Ad-Hoc|x64 = Ad-Hoc|x64
		Ad-Hoc|x86 = Ad-Hoc|x86
		AppStore|Any CPU = AppStore|Any CPU
		AppStore|ARM = AppStore|ARM
		AppStore|iPhone = AppStore|iPhone
		AppStore|iPhoneSimulator = AppStore|iPhoneSimulator
		AppStore|x64 = AppStore|x64
		AppStore|x86 = AppStore|x86
		Debug|Any CPU = Debug|Any CPU
		Debug|ARM = Debug|ARM
		Debug|iPhone = Debug|iPhone
		Debug|iPhoneSimulator = Debug|iPhoneSimulator
		Debug|x64 = Debug|x64
		Debug|x86 = Debug|x86
		Release|Any CPU = Release|Any CPU
		Release|ARM = Release|ARM
		Release|iPhone = Release|iPhone
		Release|iPhoneSimulator = Release|iPhoneSimulator
		Release|x64 = Release|x64
		Release|x86 = Release|x86
	EndGlobalSection
	GlobalSection(ProjectConfigurationPlatforms) = postSolution
		{14E0A972-3FE3-4122-9637-42014294ACD3}.Ad-Hoc|Any CPU.ActiveCfg = Release|Any CPU
		{14E0A972-3FE3-4122-9637-42014294ACD3}.Ad-Hoc|Any CPU.Build.0 = Release|Any CPU
		{14E0A972-3FE3-4122-9637-42014294ACD3}.Ad-Hoc|Any CPU.Deploy.0 = Release|Any CPU
		{14E0A972-3FE3-4122-9637-42014294ACD3}.Ad-Hoc|ARM.ActiveCfg = Release|Any CPU
		{14E0A972-3FE3-4122-9637-42014294ACD3}.Ad-Hoc|ARM.Build.0 = Release|Any CPU
		{14E0A972-3FE3-4122-9637-42014294ACD3}.Ad-Hoc|ARM.Deploy.0 = Release|Any CPU
		{14E0A972-3FE3-4122-9637-42014294ACD3}.Ad-Hoc|iPhone.ActiveCfg = Release|Any CPU
		{14E0A972-3FE3-4122-9637-42014294ACD3}.Ad-Hoc|iPhone.Build.0 = Release|Any CPU
		{14E0A972-3FE3-4122-9637-42014294ACD3}.Ad-Hoc|iPhone.Deploy.0 = Release|Any CPU
		{14E0A972-3FE3-4122-9637-42014294ACD3}.Ad-Hoc|iPhoneSimulator.ActiveCfg = Release|Any CPU
		{14E0A972-3FE3-4122-9637-42014294ACD3}.Ad-Hoc|iPhoneSimulator.Build.0 = Release|Any CPU
		{14E0A972-3FE3-4122-9637-42014294ACD3}.Ad-Hoc|iPhoneSimulator.Deploy.0 = Release|Any CPU
		{14E0A972-3FE3-4122-9637-42014294ACD3}.Ad-Hoc|x64.ActiveCfg = Release|Any CPU
		{14E0A972-3FE3-4122-9637-42014294ACD3}.Ad-Hoc|x64.Build.0 = Release|Any CPU
		{14E0A972-3FE3-4122-9637-42014294ACD3}.Ad-Hoc|x64.Deploy.0 = Release|Any CPU
		{14E0A972-3FE3-4122-9637-42014294ACD3}.Ad-Hoc|x86.ActiveCfg = Release|Any CPU
		{14E0A972-3FE3-4122-9637-42014294ACD3}.Ad-Hoc|x86.Build.0 = Release|Any CPU
		{14E0A972-3FE3-4122-9637-42014294ACD3}.Ad-Hoc|x86.Deploy.0 = Release|Any CPU
		{14E0A972-3FE3-4122-9637-42014294ACD3}.AppStore|Any CPU.ActiveCfg = Release|Any CPU
		{14E0A972-3FE3-4122-9637-42014294ACD3}.AppStore|Any CPU.Build.0 = Release|Any CPU
		{14E0A972-3FE3-4122-9637-42014294ACD3}.AppStore|Any CPU.Deploy.0 = Release|Any CPU
		{14E0A972-3FE3-4122-9637-42014294ACD3}.AppStore|ARM.ActiveCfg = Release|Any CPU
		{14E0A972-3FE3-4122-9637-42014294ACD3}.AppStore|ARM.Build.0 = Release|Any CPU
		{14E0A972-3FE3-4122-9637-42014294ACD3}.AppStore|ARM.Deploy.0 = Release|Any CPU
		{14E0A972-3FE3-4122-9637-42014294ACD3}.AppStore|iPhone.ActiveCfg = Release|Any CPU
		{14E0A972-3FE3-4122-9637-42014294ACD3}.AppStore|iPhone.Build.0 = Release|Any CPU
		{14E0A972-3FE3-4122-9637-42014294ACD3}.AppStore|iPhone.Deploy.0 = Release|Any CPU
		{14E0A972-3FE3-4122-9637-42014294ACD3}.AppStore|iPhoneSimulator.ActiveCfg = Release|Any CPU
		{14E0A972-3FE3-4122-9637-42014294ACD3}.AppStore|iPhoneSimulator.Build.0 = Release|Any CPU
		{14E0A972-3FE3-4122-9637-42014294ACD3}.AppStore|iPhoneSimulator.Deploy.0 = Release|Any CPU
		{14E0A972-3FE3-4122-9637-42014294ACD3}.AppStore|x64.ActiveCfg = Release|Any CPU
		{14E0A972-3FE3-4122-9637-42014294ACD3}.AppStore|x64.Build.0 = Release|Any CPU
		{14E0A972-3FE3-4122-9637-42014294ACD3}.AppStore|x64.Deploy.0 = Release|Any CPU
		{14E0A972-3FE3-4122-9637-42014294ACD3}.AppStore|x86.ActiveCfg = Release|Any CPU
		{14E0A972-3FE3-4122-9637-42014294ACD3}.AppStore|x86.Build.0 = Release|Any CPU
		{14E0A972-3FE3-4122-9637-42014294ACD3}.AppStore|x86.Deploy.0 = Release|Any CPU
		{14E0A972-3FE3-4122-9637-42014294ACD3}.Debug|Any CPU.ActiveCfg = Debug|Any CPU
		{14E0A972-3FE3-4122-9637-42014294ACD3}.Debug|Any CPU.Build.0 = Debug|Any CPU
		{14E0A972-3FE3-4122-9637-42014294ACD3}.Debug|Any CPU.Deploy.0 = Debug|Any CPU
		{14E0A972-3FE3-4122-9637-42014294ACD3}.Debug|ARM.ActiveCfg = Debug|Any CPU
		{14E0A972-3FE3-4122-9637-42014294ACD3}.Debug|ARM.Build.0 = Debug|Any CPU
		{14E0A972-3FE3-4122-9637-42014294ACD3}.Debug|ARM.Deploy.0 = Debug|Any CPU
		{14E0A972-3FE3-4122-9637-42014294ACD3}.Debug|iPhone.ActiveCfg = Debug|Any CPU
		{14E0A972-3FE3-4122-9637-42014294ACD3}.Debug|iPhone.Build.0 = Debug|Any CPU
		{14E0A972-3FE3-4122-9637-42014294ACD3}.Debug|iPhone.Deploy.0 = Debug|Any CPU
		{14E0A972-3FE3-4122-9637-42014294ACD3}.Debug|iPhoneSimulator.ActiveCfg = Debug|Any CPU
		{14E0A972-3FE3-4122-9637-42014294ACD3}.Debug|x64.ActiveCfg = Debug|Any CPU
		{14E0A972-3FE3-4122-9637-42014294ACD3}.Debug|x64.Build.0 = Debug|Any CPU
		{14E0A972-3FE3-4122-9637-42014294ACD3}.Debug|x64.Deploy.0 = Debug|Any CPU
		{14E0A972-3FE3-4122-9637-42014294ACD3}.Debug|x86.ActiveCfg = Debug|Any CPU
		{14E0A972-3FE3-4122-9637-42014294ACD3}.Release|Any CPU.ActiveCfg = Release|Any CPU
		{14E0A972-3FE3-4122-9637-42014294ACD3}.Release|Any CPU.Build.0 = Release|Any CPU
		{14E0A972-3FE3-4122-9637-42014294ACD3}.Release|Any CPU.Deploy.0 = Release|Any CPU
		{14E0A972-3FE3-4122-9637-42014294ACD3}.Release|ARM.ActiveCfg = Release|Any CPU
		{14E0A972-3FE3-4122-9637-42014294ACD3}.Release|ARM.Build.0 = Release|Any CPU
		{14E0A972-3FE3-4122-9637-42014294ACD3}.Release|ARM.Deploy.0 = Release|Any CPU
		{14E0A972-3FE3-4122-9637-42014294ACD3}.Release|iPhone.ActiveCfg = Release|Any CPU
		{14E0A972-3FE3-4122-9637-42014294ACD3}.Release|iPhone.Build.0 = Release|Any CPU
		{14E0A972-3FE3-4122-9637-42014294ACD3}.Release|iPhone.Deploy.0 = Release|Any CPU
		{14E0A972-3FE3-4122-9637-42014294ACD3}.Release|iPhoneSimulator.ActiveCfg = Release|Any CPU
		{14E0A972-3FE3-4122-9637-42014294ACD3}.Release|iPhoneSimulator.Build.0 = Release|Any CPU
		{14E0A972-3FE3-4122-9637-42014294ACD3}.Release|iPhoneSimulator.Deploy.0 = Release|Any CPU
		{14E0A972-3FE3-4122-9637-42014294ACD3}.Release|x64.ActiveCfg = Release|Any CPU
		{14E0A972-3FE3-4122-9637-42014294ACD3}.Release|x64.Build.0 = Release|Any CPU
		{14E0A972-3FE3-4122-9637-42014294ACD3}.Release|x64.Deploy.0 = Release|Any CPU
		{14E0A972-3FE3-4122-9637-42014294ACD3}.Release|x86.ActiveCfg = Release|Any CPU
		{14E0A972-3FE3-4122-9637-42014294ACD3}.Release|x86.Build.0 = Release|Any CPU
		{14E0A972-3FE3-4122-9637-42014294ACD3}.Release|x86.Deploy.0 = Release|Any CPU
		{9DF5DDF3-20BA-4F44-9675-2D356F0F93C6}.Ad-Hoc|Any CPU.ActiveCfg = Ad-Hoc|iPhone
		{9DF5DDF3-20BA-4F44-9675-2D356F0F93C6}.Ad-Hoc|Any CPU.Build.0 = Ad-Hoc|iPhone
		{9DF5DDF3-20BA-4F44-9675-2D356F0F93C6}.Ad-Hoc|Any CPU.Deploy.0 = Ad-Hoc|iPhone
		{9DF5DDF3-20BA-4F44-9675-2D356F0F93C6}.Ad-Hoc|ARM.ActiveCfg = Ad-Hoc|iPhone
		{9DF5DDF3-20BA-4F44-9675-2D356F0F93C6}.Ad-Hoc|ARM.Build.0 = Ad-Hoc|iPhone
		{9DF5DDF3-20BA-4F44-9675-2D356F0F93C6}.Ad-Hoc|ARM.Deploy.0 = Ad-Hoc|iPhone
		{9DF5DDF3-20BA-4F44-9675-2D356F0F93C6}.Ad-Hoc|iPhone.ActiveCfg = Ad-Hoc|iPhone
		{9DF5DDF3-20BA-4F44-9675-2D356F0F93C6}.Ad-Hoc|iPhone.Build.0 = Ad-Hoc|iPhone
		{9DF5DDF3-20BA-4F44-9675-2D356F0F93C6}.Ad-Hoc|iPhone.Deploy.0 = Ad-Hoc|iPhone
		{9DF5DDF3-20BA-4F44-9675-2D356F0F93C6}.Ad-Hoc|iPhoneSimulator.ActiveCfg = Ad-Hoc|iPhoneSimulator
		{9DF5DDF3-20BA-4F44-9675-2D356F0F93C6}.Ad-Hoc|iPhoneSimulator.Build.0 = Ad-Hoc|iPhoneSimulator
		{9DF5DDF3-20BA-4F44-9675-2D356F0F93C6}.Ad-Hoc|iPhoneSimulator.Deploy.0 = Ad-Hoc|iPhoneSimulator
		{9DF5DDF3-20BA-4F44-9675-2D356F0F93C6}.Ad-Hoc|x64.ActiveCfg = Ad-Hoc|iPhone
		{9DF5DDF3-20BA-4F44-9675-2D356F0F93C6}.Ad-Hoc|x64.Build.0 = Ad-Hoc|iPhone
		{9DF5DDF3-20BA-4F44-9675-2D356F0F93C6}.Ad-Hoc|x64.Deploy.0 = Ad-Hoc|iPhone
		{9DF5DDF3-20BA-4F44-9675-2D356F0F93C6}.Ad-Hoc|x86.ActiveCfg = Ad-Hoc|iPhone
		{9DF5DDF3-20BA-4F44-9675-2D356F0F93C6}.Ad-Hoc|x86.Build.0 = Ad-Hoc|iPhone
		{9DF5DDF3-20BA-4F44-9675-2D356F0F93C6}.Ad-Hoc|x86.Deploy.0 = Ad-Hoc|iPhone
		{9DF5DDF3-20BA-4F44-9675-2D356F0F93C6}.AppStore|Any CPU.ActiveCfg = AppStore|iPhone
		{9DF5DDF3-20BA-4F44-9675-2D356F0F93C6}.AppStore|Any CPU.Build.0 = AppStore|iPhone
		{9DF5DDF3-20BA-4F44-9675-2D356F0F93C6}.AppStore|Any CPU.Deploy.0 = AppStore|iPhone
		{9DF5DDF3-20BA-4F44-9675-2D356F0F93C6}.AppStore|ARM.ActiveCfg = AppStore|iPhone
		{9DF5DDF3-20BA-4F44-9675-2D356F0F93C6}.AppStore|ARM.Build.0 = AppStore|iPhone
		{9DF5DDF3-20BA-4F44-9675-2D356F0F93C6}.AppStore|ARM.Deploy.0 = AppStore|iPhone
		{9DF5DDF3-20BA-4F44-9675-2D356F0F93C6}.AppStore|iPhone.ActiveCfg = AppStore|iPhone
		{9DF5DDF3-20BA-4F44-9675-2D356F0F93C6}.AppStore|iPhone.Build.0 = AppStore|iPhone
		{9DF5DDF3-20BA-4F44-9675-2D356F0F93C6}.AppStore|iPhone.Deploy.0 = AppStore|iPhone
		{9DF5DDF3-20BA-4F44-9675-2D356F0F93C6}.AppStore|iPhoneSimulator.ActiveCfg = AppStore|iPhoneSimulator
		{9DF5DDF3-20BA-4F44-9675-2D356F0F93C6}.AppStore|iPhoneSimulator.Build.0 = AppStore|iPhoneSimulator
		{9DF5DDF3-20BA-4F44-9675-2D356F0F93C6}.AppStore|iPhoneSimulator.Deploy.0 = AppStore|iPhoneSimulator
		{9DF5DDF3-20BA-4F44-9675-2D356F0F93C6}.AppStore|x64.ActiveCfg = AppStore|iPhone
		{9DF5DDF3-20BA-4F44-9675-2D356F0F93C6}.AppStore|x64.Build.0 = AppStore|iPhone
		{9DF5DDF3-20BA-4F44-9675-2D356F0F93C6}.AppStore|x64.Deploy.0 = AppStore|iPhone
		{9DF5DDF3-20BA-4F44-9675-2D356F0F93C6}.AppStore|x86.ActiveCfg = AppStore|iPhone
		{9DF5DDF3-20BA-4F44-9675-2D356F0F93C6}.AppStore|x86.Build.0 = AppStore|iPhone
		{9DF5DDF3-20BA-4F44-9675-2D356F0F93C6}.AppStore|x86.Deploy.0 = AppStore|iPhone
		{9DF5DDF3-20BA-4F44-9675-2D356F0F93C6}.Debug|Any CPU.ActiveCfg = Debug|iPhoneSimulator
		{9DF5DDF3-20BA-4F44-9675-2D356F0F93C6}.Debug|Any CPU.Deploy.0 = Debug|iPhoneSimulator
		{9DF5DDF3-20BA-4F44-9675-2D356F0F93C6}.Debug|ARM.ActiveCfg = Debug|iPhone
		{9DF5DDF3-20BA-4F44-9675-2D356F0F93C6}.Debug|ARM.Build.0 = Debug|iPhone
		{9DF5DDF3-20BA-4F44-9675-2D356F0F93C6}.Debug|ARM.Deploy.0 = Debug|iPhone
		{9DF5DDF3-20BA-4F44-9675-2D356F0F93C6}.Debug|iPhone.ActiveCfg = Debug|iPhone
		{9DF5DDF3-20BA-4F44-9675-2D356F0F93C6}.Debug|iPhone.Build.0 = Debug|iPhone
		{9DF5DDF3-20BA-4F44-9675-2D356F0F93C6}.Debug|iPhone.Deploy.0 = Debug|iPhone
		{9DF5DDF3-20BA-4F44-9675-2D356F0F93C6}.Debug|iPhoneSimulator.ActiveCfg = Debug|iPhoneSimulator
		{9DF5DDF3-20BA-4F44-9675-2D356F0F93C6}.Debug|iPhoneSimulator.Build.0 = Debug|iPhoneSimulator
		{9DF5DDF3-20BA-4F44-9675-2D356F0F93C6}.Debug|iPhoneSimulator.Deploy.0 = Debug|iPhoneSimulator
		{9DF5DDF3-20BA-4F44-9675-2D356F0F93C6}.Debug|x64.ActiveCfg = Debug|iPhone
		{9DF5DDF3-20BA-4F44-9675-2D356F0F93C6}.Debug|x64.Build.0 = Debug|iPhone
		{9DF5DDF3-20BA-4F44-9675-2D356F0F93C6}.Debug|x64.Deploy.0 = Debug|iPhone
		{9DF5DDF3-20BA-4F44-9675-2D356F0F93C6}.Debug|x86.ActiveCfg = Debug|iPhone
		{9DF5DDF3-20BA-4F44-9675-2D356F0F93C6}.Debug|x86.Deploy.0 = Debug|iPhone
		{9DF5DDF3-20BA-4F44-9675-2D356F0F93C6}.Release|Any CPU.ActiveCfg = Release|iPhone
		{9DF5DDF3-20BA-4F44-9675-2D356F0F93C6}.Release|Any CPU.Build.0 = Release|iPhone
		{9DF5DDF3-20BA-4F44-9675-2D356F0F93C6}.Release|Any CPU.Deploy.0 = Release|iPhone
		{9DF5DDF3-20BA-4F44-9675-2D356F0F93C6}.Release|ARM.ActiveCfg = Release|iPhone
		{9DF5DDF3-20BA-4F44-9675-2D356F0F93C6}.Release|ARM.Build.0 = Release|iPhone
		{9DF5DDF3-20BA-4F44-9675-2D356F0F93C6}.Release|ARM.Deploy.0 = Release|iPhone
		{9DF5DDF3-20BA-4F44-9675-2D356F0F93C6}.Release|iPhone.ActiveCfg = Release|iPhone
		{9DF5DDF3-20BA-4F44-9675-2D356F0F93C6}.Release|iPhone.Build.0 = Release|iPhone
		{9DF5DDF3-20BA-4F44-9675-2D356F0F93C6}.Release|iPhone.Deploy.0 = Release|iPhone
		{9DF5DDF3-20BA-4F44-9675-2D356F0F93C6}.Release|iPhoneSimulator.ActiveCfg = Release|iPhoneSimulator
		{9DF5DDF3-20BA-4F44-9675-2D356F0F93C6}.Release|iPhoneSimulator.Build.0 = Release|iPhoneSimulator
		{9DF5DDF3-20BA-4F44-9675-2D356F0F93C6}.Release|iPhoneSimulator.Deploy.0 = Release|iPhoneSimulator
		{9DF5DDF3-20BA-4F44-9675-2D356F0F93C6}.Release|x64.ActiveCfg = Release|iPhone
		{9DF5DDF3-20BA-4F44-9675-2D356F0F93C6}.Release|x64.Build.0 = Release|iPhone
		{9DF5DDF3-20BA-4F44-9675-2D356F0F93C6}.Release|x64.Deploy.0 = Release|iPhone
		{9DF5DDF3-20BA-4F44-9675-2D356F0F93C6}.Release|x86.ActiveCfg = Release|iPhone
		{9DF5DDF3-20BA-4F44-9675-2D356F0F93C6}.Release|x86.Build.0 = Release|iPhone
		{9DF5DDF3-20BA-4F44-9675-2D356F0F93C6}.Release|x86.Deploy.0 = Release|iPhone
		{6E157011-5C7C-46AD-BB77-94D5BAD66C5D}.Ad-Hoc|Any CPU.ActiveCfg = Release|x86
		{6E157011-5C7C-46AD-BB77-94D5BAD66C5D}.Ad-Hoc|Any CPU.Build.0 = Release|x86
		{6E157011-5C7C-46AD-BB77-94D5BAD66C5D}.Ad-Hoc|Any CPU.Deploy.0 = Release|x86
		{6E157011-5C7C-46AD-BB77-94D5BAD66C5D}.Ad-Hoc|ARM.ActiveCfg = Release|ARM
		{6E157011-5C7C-46AD-BB77-94D5BAD66C5D}.Ad-Hoc|ARM.Build.0 = Release|ARM
		{6E157011-5C7C-46AD-BB77-94D5BAD66C5D}.Ad-Hoc|ARM.Deploy.0 = Release|ARM
		{6E157011-5C7C-46AD-BB77-94D5BAD66C5D}.Ad-Hoc|iPhone.ActiveCfg = Release|x86
		{6E157011-5C7C-46AD-BB77-94D5BAD66C5D}.Ad-Hoc|iPhone.Build.0 = Release|x86
		{6E157011-5C7C-46AD-BB77-94D5BAD66C5D}.Ad-Hoc|iPhone.Deploy.0 = Release|x86
		{6E157011-5C7C-46AD-BB77-94D5BAD66C5D}.Ad-Hoc|iPhoneSimulator.ActiveCfg = Release|x86
		{6E157011-5C7C-46AD-BB77-94D5BAD66C5D}.Ad-Hoc|iPhoneSimulator.Build.0 = Release|x86
		{6E157011-5C7C-46AD-BB77-94D5BAD66C5D}.Ad-Hoc|iPhoneSimulator.Deploy.0 = Release|x86
		{6E157011-5C7C-46AD-BB77-94D5BAD66C5D}.Ad-Hoc|x64.ActiveCfg = Release|x64
		{6E157011-5C7C-46AD-BB77-94D5BAD66C5D}.Ad-Hoc|x64.Build.0 = Release|x64
		{6E157011-5C7C-46AD-BB77-94D5BAD66C5D}.Ad-Hoc|x64.Deploy.0 = Release|x64
		{6E157011-5C7C-46AD-BB77-94D5BAD66C5D}.Ad-Hoc|x86.ActiveCfg = Release|x86
		{6E157011-5C7C-46AD-BB77-94D5BAD66C5D}.Ad-Hoc|x86.Build.0 = Release|x86
		{6E157011-5C7C-46AD-BB77-94D5BAD66C5D}.Ad-Hoc|x86.Deploy.0 = Release|x86
		{6E157011-5C7C-46AD-BB77-94D5BAD66C5D}.AppStore|Any CPU.ActiveCfg = Release|x86
		{6E157011-5C7C-46AD-BB77-94D5BAD66C5D}.AppStore|Any CPU.Build.0 = Release|x86
		{6E157011-5C7C-46AD-BB77-94D5BAD66C5D}.AppStore|Any CPU.Deploy.0 = Release|x86
		{6E157011-5C7C-46AD-BB77-94D5BAD66C5D}.AppStore|ARM.ActiveCfg = Release|ARM
		{6E157011-5C7C-46AD-BB77-94D5BAD66C5D}.AppStore|ARM.Build.0 = Release|ARM
		{6E157011-5C7C-46AD-BB77-94D5BAD66C5D}.AppStore|ARM.Deploy.0 = Release|ARM
		{6E157011-5C7C-46AD-BB77-94D5BAD66C5D}.AppStore|iPhone.ActiveCfg = Release|x86
		{6E157011-5C7C-46AD-BB77-94D5BAD66C5D}.AppStore|iPhone.Build.0 = Release|x86
		{6E157011-5C7C-46AD-BB77-94D5BAD66C5D}.AppStore|iPhone.Deploy.0 = Release|x86
		{6E157011-5C7C-46AD-BB77-94D5BAD66C5D}.AppStore|iPhoneSimulator.ActiveCfg = Release|x86
		{6E157011-5C7C-46AD-BB77-94D5BAD66C5D}.AppStore|iPhoneSimulator.Build.0 = Release|x86
		{6E157011-5C7C-46AD-BB77-94D5BAD66C5D}.AppStore|iPhoneSimulator.Deploy.0 = Release|x86
		{6E157011-5C7C-46AD-BB77-94D5BAD66C5D}.AppStore|x64.ActiveCfg = Release|x64
		{6E157011-5C7C-46AD-BB77-94D5BAD66C5D}.AppStore|x64.Build.0 = Release|x64
		{6E157011-5C7C-46AD-BB77-94D5BAD66C5D}.AppStore|x64.Deploy.0 = Release|x64
		{6E157011-5C7C-46AD-BB77-94D5BAD66C5D}.AppStore|x86.ActiveCfg = Release|x86
		{6E157011-5C7C-46AD-BB77-94D5BAD66C5D}.AppStore|x86.Build.0 = Release|x86
		{6E157011-5C7C-46AD-BB77-94D5BAD66C5D}.AppStore|x86.Deploy.0 = Release|x86
		{6E157011-5C7C-46AD-BB77-94D5BAD66C5D}.Debug|Any CPU.ActiveCfg = Debug|x86
		{6E157011-5C7C-46AD-BB77-94D5BAD66C5D}.Debug|ARM.ActiveCfg = Debug|ARM
		{6E157011-5C7C-46AD-BB77-94D5BAD66C5D}.Debug|ARM.Build.0 = Debug|ARM
		{6E157011-5C7C-46AD-BB77-94D5BAD66C5D}.Debug|ARM.Deploy.0 = Debug|ARM
		{6E157011-5C7C-46AD-BB77-94D5BAD66C5D}.Debug|iPhone.ActiveCfg = Debug|x86
		{6E157011-5C7C-46AD-BB77-94D5BAD66C5D}.Debug|iPhone.Build.0 = Debug|x86
		{6E157011-5C7C-46AD-BB77-94D5BAD66C5D}.Debug|iPhone.Deploy.0 = Debug|x86
		{6E157011-5C7C-46AD-BB77-94D5BAD66C5D}.Debug|iPhoneSimulator.ActiveCfg = Debug|x86
		{6E157011-5C7C-46AD-BB77-94D5BAD66C5D}.Debug|x64.ActiveCfg = Debug|x64
		{6E157011-5C7C-46AD-BB77-94D5BAD66C5D}.Debug|x64.Build.0 = Debug|x64
		{6E157011-5C7C-46AD-BB77-94D5BAD66C5D}.Debug|x64.Deploy.0 = Debug|x64
		{6E157011-5C7C-46AD-BB77-94D5BAD66C5D}.Debug|x86.ActiveCfg = Debug|x86
		{6E157011-5C7C-46AD-BB77-94D5BAD66C5D}.Debug|x86.Build.0 = Debug|x86
		{6E157011-5C7C-46AD-BB77-94D5BAD66C5D}.Debug|x86.Deploy.0 = Debug|x86
		{6E157011-5C7C-46AD-BB77-94D5BAD66C5D}.Release|Any CPU.ActiveCfg = Release|x86
		{6E157011-5C7C-46AD-BB77-94D5BAD66C5D}.Release|Any CPU.Build.0 = Release|x86
		{6E157011-5C7C-46AD-BB77-94D5BAD66C5D}.Release|Any CPU.Deploy.0 = Release|x86
		{6E157011-5C7C-46AD-BB77-94D5BAD66C5D}.Release|ARM.ActiveCfg = Release|ARM
		{6E157011-5C7C-46AD-BB77-94D5BAD66C5D}.Release|ARM.Build.0 = Release|ARM
		{6E157011-5C7C-46AD-BB77-94D5BAD66C5D}.Release|ARM.Deploy.0 = Release|ARM
		{6E157011-5C7C-46AD-BB77-94D5BAD66C5D}.Release|iPhone.ActiveCfg = Release|x86
		{6E157011-5C7C-46AD-BB77-94D5BAD66C5D}.Release|iPhone.Build.0 = Release|x86
		{6E157011-5C7C-46AD-BB77-94D5BAD66C5D}.Release|iPhone.Deploy.0 = Release|x86
		{6E157011-5C7C-46AD-BB77-94D5BAD66C5D}.Release|iPhoneSimulator.ActiveCfg = Release|x86
		{6E157011-5C7C-46AD-BB77-94D5BAD66C5D}.Release|iPhoneSimulator.Build.0 = Release|x86
		{6E157011-5C7C-46AD-BB77-94D5BAD66C5D}.Release|iPhoneSimulator.Deploy.0 = Release|x86
		{6E157011-5C7C-46AD-BB77-94D5BAD66C5D}.Release|x64.ActiveCfg = Release|x64
		{6E157011-5C7C-46AD-BB77-94D5BAD66C5D}.Release|x64.Build.0 = Release|x64
		{6E157011-5C7C-46AD-BB77-94D5BAD66C5D}.Release|x64.Deploy.0 = Release|x64
		{6E157011-5C7C-46AD-BB77-94D5BAD66C5D}.Release|x86.ActiveCfg = Release|x86
		{6E157011-5C7C-46AD-BB77-94D5BAD66C5D}.Release|x86.Build.0 = Release|x86
		{6E157011-5C7C-46AD-BB77-94D5BAD66C5D}.Release|x86.Deploy.0 = Release|x86
		{73FB9570-637D-4229-8586-8CFF80AA1214}.Ad-Hoc|Any CPU.ActiveCfg = Debug|Any CPU
		{73FB9570-637D-4229-8586-8CFF80AA1214}.Ad-Hoc|Any CPU.Build.0 = Debug|Any CPU
		{73FB9570-637D-4229-8586-8CFF80AA1214}.Ad-Hoc|Any CPU.Deploy.0 = Debug|Any CPU
		{73FB9570-637D-4229-8586-8CFF80AA1214}.Ad-Hoc|ARM.ActiveCfg = Debug|Any CPU
		{73FB9570-637D-4229-8586-8CFF80AA1214}.Ad-Hoc|ARM.Build.0 = Debug|Any CPU
		{73FB9570-637D-4229-8586-8CFF80AA1214}.Ad-Hoc|ARM.Deploy.0 = Debug|Any CPU
		{73FB9570-637D-4229-8586-8CFF80AA1214}.Ad-Hoc|iPhone.ActiveCfg = Debug|Any CPU
		{73FB9570-637D-4229-8586-8CFF80AA1214}.Ad-Hoc|iPhone.Build.0 = Debug|Any CPU
		{73FB9570-637D-4229-8586-8CFF80AA1214}.Ad-Hoc|iPhone.Deploy.0 = Debug|Any CPU
		{73FB9570-637D-4229-8586-8CFF80AA1214}.Ad-Hoc|iPhoneSimulator.ActiveCfg = Debug|Any CPU
		{73FB9570-637D-4229-8586-8CFF80AA1214}.Ad-Hoc|iPhoneSimulator.Build.0 = Debug|Any CPU
		{73FB9570-637D-4229-8586-8CFF80AA1214}.Ad-Hoc|iPhoneSimulator.Deploy.0 = Debug|Any CPU
		{73FB9570-637D-4229-8586-8CFF80AA1214}.Ad-Hoc|x64.ActiveCfg = Debug|Any CPU
		{73FB9570-637D-4229-8586-8CFF80AA1214}.Ad-Hoc|x64.Build.0 = Debug|Any CPU
		{73FB9570-637D-4229-8586-8CFF80AA1214}.Ad-Hoc|x64.Deploy.0 = Debug|Any CPU
		{73FB9570-637D-4229-8586-8CFF80AA1214}.Ad-Hoc|x86.ActiveCfg = Debug|Any CPU
		{73FB9570-637D-4229-8586-8CFF80AA1214}.Ad-Hoc|x86.Build.0 = Debug|Any CPU
		{73FB9570-637D-4229-8586-8CFF80AA1214}.Ad-Hoc|x86.Deploy.0 = Debug|Any CPU
		{73FB9570-637D-4229-8586-8CFF80AA1214}.AppStore|Any CPU.ActiveCfg = Debug|Any CPU
		{73FB9570-637D-4229-8586-8CFF80AA1214}.AppStore|Any CPU.Build.0 = Debug|Any CPU
		{73FB9570-637D-4229-8586-8CFF80AA1214}.AppStore|Any CPU.Deploy.0 = Debug|Any CPU
		{73FB9570-637D-4229-8586-8CFF80AA1214}.AppStore|ARM.ActiveCfg = Debug|Any CPU
		{73FB9570-637D-4229-8586-8CFF80AA1214}.AppStore|ARM.Build.0 = Debug|Any CPU
		{73FB9570-637D-4229-8586-8CFF80AA1214}.AppStore|ARM.Deploy.0 = Debug|Any CPU
		{73FB9570-637D-4229-8586-8CFF80AA1214}.AppStore|iPhone.ActiveCfg = Debug|Any CPU
		{73FB9570-637D-4229-8586-8CFF80AA1214}.AppStore|iPhone.Build.0 = Debug|Any CPU
		{73FB9570-637D-4229-8586-8CFF80AA1214}.AppStore|iPhone.Deploy.0 = Debug|Any CPU
		{73FB9570-637D-4229-8586-8CFF80AA1214}.AppStore|iPhoneSimulator.ActiveCfg = Debug|Any CPU
		{73FB9570-637D-4229-8586-8CFF80AA1214}.AppStore|iPhoneSimulator.Build.0 = Debug|Any CPU
		{73FB9570-637D-4229-8586-8CFF80AA1214}.AppStore|iPhoneSimulator.Deploy.0 = Debug|Any CPU
		{73FB9570-637D-4229-8586-8CFF80AA1214}.AppStore|x64.ActiveCfg = Debug|Any CPU
		{73FB9570-637D-4229-8586-8CFF80AA1214}.AppStore|x64.Build.0 = Debug|Any CPU
		{73FB9570-637D-4229-8586-8CFF80AA1214}.AppStore|x64.Deploy.0 = Debug|Any CPU
		{73FB9570-637D-4229-8586-8CFF80AA1214}.AppStore|x86.ActiveCfg = Debug|Any CPU
		{73FB9570-637D-4229-8586-8CFF80AA1214}.AppStore|x86.Build.0 = Debug|Any CPU
		{73FB9570-637D-4229-8586-8CFF80AA1214}.AppStore|x86.Deploy.0 = Debug|Any CPU
		{73FB9570-637D-4229-8586-8CFF80AA1214}.Debug|Any CPU.ActiveCfg = Debug|Any CPU
		{73FB9570-637D-4229-8586-8CFF80AA1214}.Debug|Any CPU.Build.0 = Debug|Any CPU
		{73FB9570-637D-4229-8586-8CFF80AA1214}.Debug|Any CPU.Deploy.0 = Debug|Any CPU
		{73FB9570-637D-4229-8586-8CFF80AA1214}.Debug|ARM.ActiveCfg = Debug|Any CPU
		{73FB9570-637D-4229-8586-8CFF80AA1214}.Debug|ARM.Build.0 = Debug|Any CPU
		{73FB9570-637D-4229-8586-8CFF80AA1214}.Debug|ARM.Deploy.0 = Debug|Any CPU
		{73FB9570-637D-4229-8586-8CFF80AA1214}.Debug|iPhone.ActiveCfg = Debug|Any CPU
		{73FB9570-637D-4229-8586-8CFF80AA1214}.Debug|iPhone.Build.0 = Debug|Any CPU
		{73FB9570-637D-4229-8586-8CFF80AA1214}.Debug|iPhone.Deploy.0 = Debug|Any CPU
		{73FB9570-637D-4229-8586-8CFF80AA1214}.Debug|iPhoneSimulator.ActiveCfg = Debug|Any CPU
		{73FB9570-637D-4229-8586-8CFF80AA1214}.Debug|iPhoneSimulator.Build.0 = Debug|Any CPU
		{73FB9570-637D-4229-8586-8CFF80AA1214}.Debug|iPhoneSimulator.Deploy.0 = Debug|Any CPU
		{73FB9570-637D-4229-8586-8CFF80AA1214}.Debug|x64.ActiveCfg = Debug|Any CPU
		{73FB9570-637D-4229-8586-8CFF80AA1214}.Debug|x64.Build.0 = Debug|Any CPU
		{73FB9570-637D-4229-8586-8CFF80AA1214}.Debug|x64.Deploy.0 = Debug|Any CPU
		{73FB9570-637D-4229-8586-8CFF80AA1214}.Debug|x86.ActiveCfg = Debug|Any CPU
		{73FB9570-637D-4229-8586-8CFF80AA1214}.Debug|x86.Build.0 = Debug|Any CPU
		{73FB9570-637D-4229-8586-8CFF80AA1214}.Debug|x86.Deploy.0 = Debug|Any CPU
		{73FB9570-637D-4229-8586-8CFF80AA1214}.Release|Any CPU.ActiveCfg = Release|Any CPU
		{73FB9570-637D-4229-8586-8CFF80AA1214}.Release|Any CPU.Build.0 = Release|Any CPU
		{73FB9570-637D-4229-8586-8CFF80AA1214}.Release|Any CPU.Deploy.0 = Release|Any CPU
		{73FB9570-637D-4229-8586-8CFF80AA1214}.Release|ARM.ActiveCfg = Release|Any CPU
		{73FB9570-637D-4229-8586-8CFF80AA1214}.Release|ARM.Build.0 = Release|Any CPU
		{73FB9570-637D-4229-8586-8CFF80AA1214}.Release|ARM.Deploy.0 = Release|Any CPU
		{73FB9570-637D-4229-8586-8CFF80AA1214}.Release|iPhone.ActiveCfg = Release|Any CPU
		{73FB9570-637D-4229-8586-8CFF80AA1214}.Release|iPhone.Build.0 = Release|Any CPU
		{73FB9570-637D-4229-8586-8CFF80AA1214}.Release|iPhone.Deploy.0 = Release|Any CPU
		{73FB9570-637D-4229-8586-8CFF80AA1214}.Release|iPhoneSimulator.ActiveCfg = Release|Any CPU
		{73FB9570-637D-4229-8586-8CFF80AA1214}.Release|iPhoneSimulator.Build.0 = Release|Any CPU
		{73FB9570-637D-4229-8586-8CFF80AA1214}.Release|iPhoneSimulator.Deploy.0 = Release|Any CPU
		{73FB9570-637D-4229-8586-8CFF80AA1214}.Release|x64.ActiveCfg = Release|Any CPU
		{73FB9570-637D-4229-8586-8CFF80AA1214}.Release|x64.Build.0 = Release|Any CPU
		{73FB9570-637D-4229-8586-8CFF80AA1214}.Release|x64.Deploy.0 = Release|Any CPU
		{73FB9570-637D-4229-8586-8CFF80AA1214}.Release|x86.ActiveCfg = Release|Any CPU
		{73FB9570-637D-4229-8586-8CFF80AA1214}.Release|x86.Build.0 = Release|Any CPU
		{73FB9570-637D-4229-8586-8CFF80AA1214}.Release|x86.Deploy.0 = Release|Any CPU
	EndGlobalSection
	GlobalSection(SolutionProperties) = preSolution
		HideSolutionNode = FALSE
	EndGlobalSection
	GlobalSection(ExtensibilityGlobals) = postSolution
		SolutionGuid = {4B3BDF79-03B2-4FE8-BA56-3E19BCECF254}
	EndGlobalSection
EndGlobal
